
Microsoft Visual Studio Solution File, Format Version 12.00
# Visual Studio Version 17
VisualStudioVersion = 17.14.36109.1
MinimumVisualStudioVersion = 10.0.40219.1
Project("{FAE04EC0-301F-11D3-BF4B-00C04F79EFBC}") = "DTOs", "DTOs\DTOs.csproj", "{ACF1234B-EF4B-4D98-9EA2-146EF89C4EFD}"
EndProject
Project("{2150E333-8FDC-42A3-9474-1A3956D46DE8}") = "0_DTOs", "0_DTOs", "{02EA681E-C7D8-13C7-8484-4AC65E1B71E8}"
EndProject
Project("{2150E333-8FDC-42A3-9474-1A3956D46DE8}") = "1_DtaAccess", "1_DtaAccess", "{A51F3A01-57E5-4236-BD97-765137B73ECA}"
EndProject
Project("{FAE04EC0-301F-11D3-BF4B-00C04F79EFBC}") = "DataAccess", "DataAccess\DataAccess.csproj", "{DD9A52EB-F5B9-438D-B399-91B4C6B1E3D6}"
EndProject
Project("{2150E333-8FDC-42A3-9474-1A3956D46DE8}") = "2_CoreApp", "2_CoreApp", "{A1C16290-4B8F-41C1-A691-DFA9F1D642C7}"
EndProject
Project("{FAE04EC0-301F-11D3-BF4B-00C04F79EFBC}") = "CoreApp", "CoreApp\CoreApp.csproj", "{35739E57-A05D-496C-88E2-A97FDDE83746}"
EndProject
Project("{2150E333-8FDC-42A3-9474-1A3956D46DE8}") = "3_Exeptions", "3_Exeptions", "{FE1ADC7D-2AC7-412F-8D63-B5D339F3B66C}"
EndProject
Project("{FAE04EC0-301F-11D3-BF4B-00C04F79EFBC}") = "ExeptionManager", "ExeptionManager\ExeptionManager.csproj", "{15EBED76-F685-4947-B169-5AD866629A1D}"
EndProject
Project("{2150E333-8FDC-42A3-9474-1A3956D46DE8}") = "4_WebAPI", "4_WebAPI", "{E3DBDBF2-2649-481D-967C-1B7AFDF05EB3}"
EndProject
Project("{FAE04EC0-301F-11D3-BF4B-00C04F79EFBC}") = "WebAPI", "WebAPI\WebAPI.csproj", "{D9B08345-FAAA-460F-9939-1082769DFA27}"
EndProject
Project("{2150E333-8FDC-42A3-9474-1A3956D46DE8}") = "5_WebApp", "5_WebApp", "{5128C502-4060-48AF-8FB6-79FFA20E812A}"
EndProject
Project("{FAE04EC0-301F-11D3-BF4B-00C04F79EFBC}") = "WebApp", "WebApp\WebApp.csproj", "{F8160DAD-1EB2-4FB5-8795-499AD578B9B1}"
EndProject
Project("{2150E333-8FDC-42A3-9474-1A3956D46DE8}") = "99_Testing", "99_Testing", "{7D70BF0C-BD48-4B2A-9E5E-96BC49067726}"
EndProject
Project("{FAE04EC0-301F-11D3-BF4B-00C04F79EFBC}") = "DevTester", "DevTester\DevTester.csproj", "{EC3B5B2B-4241-478D-B231-1175AAB97AB0}"
EndProject
Global
	GlobalSection(SolutionConfigurationPlatforms) = preSolution
		Debug|Any CPU = Debug|Any CPU
		Release|Any CPU = Release|Any CPU
	EndGlobalSection
	GlobalSection(ProjectConfigurationPlatforms) = postSolution
		{ACF1234B-EF4B-4D98-9EA2-146EF89C4EFD}.Debug|Any CPU.ActiveCfg = Debug|Any CPU
		{ACF1234B-EF4B-4D98-9EA2-146EF89C4EFD}.Debug|Any CPU.Build.0 = Debug|Any CPU
		{ACF1234B-EF4B-4D98-9EA2-146EF89C4EFD}.Release|Any CPU.ActiveCfg = Release|Any CPU
		{ACF1234B-EF4B-4D98-9EA2-146EF89C4EFD}.Release|Any CPU.Build.0 = Release|Any CPU
		{DD9A52EB-F5B9-438D-B399-91B4C6B1E3D6}.Debug|Any CPU.ActiveCfg = Debug|Any CPU
		{DD9A52EB-F5B9-438D-B399-91B4C6B1E3D6}.Debug|Any CPU.Build.0 = Debug|Any CPU
		{DD9A52EB-F5B9-438D-B399-91B4C6B1E3D6}.Release|Any CPU.ActiveCfg = Release|Any CPU
		{DD9A52EB-F5B9-438D-B399-91B4C6B1E3D6}.Release|Any CPU.Build.0 = Release|Any CPU
		{35739E57-A05D-496C-88E2-A97FDDE83746}.Debug|Any CPU.ActiveCfg = Debug|Any CPU
		{35739E57-A05D-496C-88E2-A97FDDE83746}.Debug|Any CPU.Build.0 = Debug|Any CPU
		{35739E57-A05D-496C-88E2-A97FDDE83746}.Release|Any CPU.ActiveCfg = Release|Any CPU
		{35739E57-A05D-496C-88E2-A97FDDE83746}.Release|Any CPU.Build.0 = Release|Any CPU
		{15EBED76-F685-4947-B169-5AD866629A1D}.Debug|Any CPU.ActiveCfg = Debug|Any CPU
		{15EBED76-F685-4947-B169-5AD866629A1D}.Debug|Any CPU.Build.0 = Debug|Any CPU
		{15EBED76-F685-4947-B169-5AD866629A1D}.Release|Any CPU.ActiveCfg = Release|Any CPU
		{15EBED76-F685-4947-B169-5AD866629A1D}.Release|Any CPU.Build.0 = Release|Any CPU
		{D9B08345-FAAA-460F-9939-1082769DFA27}.Debug|Any CPU.ActiveCfg = Debug|Any CPU
		{D9B08345-FAAA-460F-9939-1082769DFA27}.Debug|Any CPU.Build.0 = Debug|Any CPU
		{D9B08345-FAAA-460F-9939-1082769DFA27}.Release|Any CPU.ActiveCfg = Release|Any CPU
		{D9B08345-FAAA-460F-9939-1082769DFA27}.Release|Any CPU.Build.0 = Release|Any CPU
		{F8160DAD-1EB2-4FB5-8795-499AD578B9B1}.Debug|Any CPU.ActiveCfg = Debug|Any CPU
		{F8160DAD-1EB2-4FB5-8795-499AD578B9B1}.Debug|Any CPU.Build.0 = Debug|Any CPU
		{F8160DAD-1EB2-4FB5-8795-499AD578B9B1}.Release|Any CPU.ActiveCfg = Release|Any CPU
		{F8160DAD-1EB2-4FB5-8795-499AD578B9B1}.Release|Any CPU.Build.0 = Release|Any CPU
		{EC3B5B2B-4241-478D-B231-1175AAB97AB0}.Debug|Any CPU.ActiveCfg = Debug|Any CPU
		{EC3B5B2B-4241-478D-B231-1175AAB97AB0}.Debug|Any CPU.Build.0 = Debug|Any CPU
		{EC3B5B2B-4241-478D-B231-1175AAB97AB0}.Release|Any CPU.ActiveCfg = Release|Any CPU
		{EC3B5B2B-4241-478D-B231-1175AAB97AB0}.Release|Any CPU.Build.0 = Release|Any CPU
	EndGlobalSection
	GlobalSection(SolutionProperties) = preSolution
		HideSolutionNode = FALSE
	EndGlobalSection
	GlobalSection(NestedProjects) = preSolution
		{ACF1234B-EF4B-4D98-9EA2-146EF89C4EFD} = {02EA681E-C7D8-13C7-8484-4AC65E1B71E8}
		{DD9A52EB-F5B9-438D-B399-91B4C6B1E3D6} = {A51F3A01-57E5-4236-BD97-765137B73ECA}
		{35739E57-A05D-496C-88E2-A97FDDE83746} = {A1C16290-4B8F-41C1-A691-DFA9F1D642C7}
		{15EBED76-F685-4947-B169-5AD866629A1D} = {FE1ADC7D-2AC7-412F-8D63-B5D339F3B66C}
		{D9B08345-FAAA-460F-9939-1082769DFA27} = {E3DBDBF2-2649-481D-967C-1B7AFDF05EB3}
		{F8160DAD-1EB2-4FB5-8795-499AD578B9B1} = {5128C502-4060-48AF-8FB6-79FFA20E812A}
		{EC3B5B2B-4241-478D-B231-1175AAB97AB0} = {7D70BF0C-BD48-4B2A-9E5E-96BC49067726}
	EndGlobalSection
	GlobalSection(ExtensibilityGlobals) = postSolution
		SolutionGuid = {65A3A1CF-25AA-42B6-B6D5-0A39139613B5}
	EndGlobalSection
EndGlobal
